# This file is automatically @generated by Poetry 1.7.1 and should not be changed by hand.

[[package]]
name = "catkin-pkg"
version = "1.0.0"
description = "catkin package library"
optional = false
python-versions = ">=3.6"
files = [
    {file = "catkin_pkg-1.0.0-py3-none-any.whl", hash = "sha256:10a6589e9edf3cd5bd18e35e094d20b516e6351bcf0da891c28a0ff526fdb7cc"},
    {file = "catkin_pkg-1.0.0.tar.gz", hash = "sha256:476e9f52917282f464739241b4bcaf5ebbfba9a7a68d9af8f875225feac0e1b5"},
]

[package.dependencies]
docutils = "*"
pyparsing = "*"
python-dateutil = "*"
setuptools = "*"

[package.extras]
test = ["flake8", "flake8-blind-except", "flake8-builtins", "flake8-class-newline", "flake8-comprehensions", "flake8-deprecated", "flake8-docstrings", "flake8-import-order", "flake8-quotes", "pytest"]

[[package]]
name = "distro"
version = "1.8.0"
description = "Distro - an OS platform information API"
optional = false
python-versions = ">=3.6"
files = [
    {file = "distro-1.8.0-py3-none-any.whl", hash = "sha256:99522ca3e365cac527b44bde033f64c6945d90eb9f769703caaec52b09bbd3ff"},
    {file = "distro-1.8.0.tar.gz", hash = "sha256:02e111d1dc6a50abb8eed6bf31c3e48ed8b0830d1ea2a1b78c61765c2513fdd8"},
]

[[package]]
name = "docutils"
version = "0.20.1"
description = "Docutils -- Python Documentation Utilities"
optional = false
python-versions = ">=3.7"
files = [
    {file = "docutils-0.20.1-py3-none-any.whl", hash = "sha256:96f387a2c5562db4476f09f13bbab2192e764cac08ebbf3a34a95d9b1e4a59d6"},
    {file = "docutils-0.20.1.tar.gz", hash = "sha256:f08a4e276c3a1583a86dce3e34aba3fe04d02bba2dd51ed16106244e8a923e3b"},
]

[[package]]
name = "empy"
version = "4.0"
description = "A templating system for Python."
optional = false
python-versions = "*"
files = [
    {file = "empy-4.0.tar.gz", hash = "sha256:24d9a62b237e1b5f9cecbab0e936bff73540252d11eac6fde7feb63b1487b8e3"},
]

[[package]]
name = "evdev"
version = "1.6.1"
description = "Bindings to the Linux input handling subsystem"
optional = false
python-versions = "*"
files = [
    {file = "evdev-1.6.1.tar.gz", hash = "sha256:299db8628cc73b237fc1cc57d3c2948faa0756e2a58b6194b5bf81dc2081f1e3"},
]

[[package]]
name = "numpy"
version = "1.26.2"
description = "Fundamental package for array computing in Python"
optional = false
python-versions = ">=3.9"
files = [
    {file = "numpy-1.26.2-cp310-cp310-macosx_10_9_x86_64.whl", hash = "sha256:3703fc9258a4a122d17043e57b35e5ef1c5a5837c3db8be396c82e04c1cf9b0f"},
    {file = "numpy-1.26.2-cp310-cp310-macosx_11_0_arm64.whl", hash = "sha256:cc392fdcbd21d4be6ae1bb4475a03ce3b025cd49a9be5345d76d7585aea69440"},
    {file = "numpy-1.26.2-cp310-cp310-manylinux_2_17_aarch64.manylinux2014_aarch64.whl", hash = "sha256:36340109af8da8805d8851ef1d74761b3b88e81a9bd80b290bbfed61bd2b4f75"},
    {file = "numpy-1.26.2-cp310-cp310-manylinux_2_17_x86_64.manylinux2014_x86_64.whl", hash = "sha256:bcc008217145b3d77abd3e4d5ef586e3bdfba8fe17940769f8aa09b99e856c00"},
    {file = "numpy-1.26.2-cp310-cp310-musllinux_1_1_aarch64.whl", hash = "sha256:3ced40d4e9e18242f70dd02d739e44698df3dcb010d31f495ff00a31ef6014fe"},
    {file = "numpy-1.26.2-cp310-cp310-musllinux_1_1_x86_64.whl", hash = "sha256:b272d4cecc32c9e19911891446b72e986157e6a1809b7b56518b4f3755267523"},
    {file = "numpy-1.26.2-cp310-cp310-win32.whl", hash = "sha256:22f8fc02fdbc829e7a8c578dd8d2e15a9074b630d4da29cda483337e300e3ee9"},
    {file = "numpy-1.26.2-cp310-cp310-win_amd64.whl", hash = "sha256:26c9d33f8e8b846d5a65dd068c14e04018d05533b348d9eaeef6c1bd787f9919"},
    {file = "numpy-1.26.2-cp311-cp311-macosx_10_9_x86_64.whl", hash = "sha256:b96e7b9c624ef3ae2ae0e04fa9b460f6b9f17ad8b4bec6d7756510f1f6c0c841"},
    {file = "numpy-1.26.2-cp311-cp311-macosx_11_0_arm64.whl", hash = "sha256:aa18428111fb9a591d7a9cc1b48150097ba6a7e8299fb56bdf574df650e7d1f1"},
    {file = "numpy-1.26.2-cp311-cp311-manylinux_2_17_aarch64.manylinux2014_aarch64.whl", hash = "sha256:06fa1ed84aa60ea6ef9f91ba57b5ed963c3729534e6e54055fc151fad0423f0a"},
    {file = "numpy-1.26.2-cp311-cp311-manylinux_2_17_x86_64.manylinux2014_x86_64.whl", hash = "sha256:96ca5482c3dbdd051bcd1fce8034603d6ebfc125a7bd59f55b40d8f5d246832b"},
    {file = "numpy-1.26.2-cp311-cp311-musllinux_1_1_aarch64.whl", hash = "sha256:854ab91a2906ef29dc3925a064fcd365c7b4da743f84b123002f6139bcb3f8a7"},
    {file = "numpy-1.26.2-cp311-cp311-musllinux_1_1_x86_64.whl", hash = "sha256:f43740ab089277d403aa07567be138fc2a89d4d9892d113b76153e0e412409f8"},
    {file = "numpy-1.26.2-cp311-cp311-win32.whl", hash = "sha256:a2bbc29fcb1771cd7b7425f98b05307776a6baf43035d3b80c4b0f29e9545186"},
    {file = "numpy-1.26.2-cp311-cp311-win_amd64.whl", hash = "sha256:2b3fca8a5b00184828d12b073af4d0fc5fdd94b1632c2477526f6bd7842d700d"},
    {file = "numpy-1.26.2-cp312-cp312-macosx_10_9_x86_64.whl", hash = "sha256:a4cd6ed4a339c21f1d1b0fdf13426cb3b284555c27ac2f156dfdaaa7e16bfab0"},
    {file = "numpy-1.26.2-cp312-cp312-macosx_11_0_arm64.whl", hash = "sha256:5d5244aabd6ed7f312268b9247be47343a654ebea52a60f002dc70c769048e75"},
    {file = "numpy-1.26.2-cp312-cp312-manylinux_2_17_aarch64.manylinux2014_aarch64.whl", hash = "sha256:6a3cdb4d9c70e6b8c0814239ead47da00934666f668426fc6e94cce869e13fd7"},
    {file = "numpy-1.26.2-cp312-cp312-manylinux_2_17_x86_64.manylinux2014_x86_64.whl", hash = "sha256:aa317b2325f7aa0a9471663e6093c210cb2ae9c0ad824732b307d2c51983d5b6"},
    {file = "numpy-1.26.2-cp312-cp312-musllinux_1_1_aarch64.whl", hash = "sha256:174a8880739c16c925799c018f3f55b8130c1f7c8e75ab0a6fa9d41cab092fd6"},
    {file = "numpy-1.26.2-cp312-cp312-musllinux_1_1_x86_64.whl", hash = "sha256:f79b231bf5c16b1f39c7f4875e1ded36abee1591e98742b05d8a0fb55d8a3eec"},
    {file = "numpy-1.26.2-cp312-cp312-win32.whl", hash = "sha256:4a06263321dfd3598cacb252f51e521a8cb4b6df471bb12a7ee5cbab20ea9167"},
    {file = "numpy-1.26.2-cp312-cp312-win_amd64.whl", hash = "sha256:b04f5dc6b3efdaab541f7857351aac359e6ae3c126e2edb376929bd3b7f92d7e"},
    {file = "numpy-1.26.2-cp39-cp39-macosx_10_9_x86_64.whl", hash = "sha256:4eb8df4bf8d3d90d091e0146f6c28492b0be84da3e409ebef54349f71ed271ef"},
    {file = "numpy-1.26.2-cp39-cp39-macosx_11_0_arm64.whl", hash = "sha256:1a13860fdcd95de7cf58bd6f8bc5a5ef81c0b0625eb2c9a783948847abbef2c2"},
    {file = "numpy-1.26.2-cp39-cp39-manylinux_2_17_aarch64.manylinux2014_aarch64.whl", hash = "sha256:64308ebc366a8ed63fd0bf426b6a9468060962f1a4339ab1074c228fa6ade8e3"},
    {file = "numpy-1.26.2-cp39-cp39-manylinux_2_17_x86_64.manylinux2014_x86_64.whl", hash = "sha256:baf8aab04a2c0e859da118f0b38617e5ee65d75b83795055fb66c0d5e9e9b818"},
    {file = "numpy-1.26.2-cp39-cp39-musllinux_1_1_aarch64.whl", hash = "sha256:d73a3abcac238250091b11caef9ad12413dab01669511779bc9b29261dd50210"},
    {file = "numpy-1.26.2-cp39-cp39-musllinux_1_1_x86_64.whl", hash = "sha256:b361d369fc7e5e1714cf827b731ca32bff8d411212fccd29ad98ad622449cc36"},
    {file = "numpy-1.26.2-cp39-cp39-win32.whl", hash = "sha256:bd3f0091e845164a20bd5a326860c840fe2af79fa12e0469a12768a3ec578d80"},
    {file = "numpy-1.26.2-cp39-cp39-win_amd64.whl", hash = "sha256:2beef57fb031dcc0dc8fa4fe297a742027b954949cabb52a2a376c144e5e6060"},
    {file = "numpy-1.26.2-pp39-pypy39_pp73-macosx_10_9_x86_64.whl", hash = "sha256:1cc3d5029a30fb5f06704ad6b23b35e11309491c999838c31f124fee32107c79"},
    {file = "numpy-1.26.2-pp39-pypy39_pp73-manylinux_2_17_x86_64.manylinux2014_x86_64.whl", hash = "sha256:94cc3c222bb9fb5a12e334d0479b97bb2df446fbe622b470928f5284ffca3f8d"},
    {file = "numpy-1.26.2-pp39-pypy39_pp73-win_amd64.whl", hash = "sha256:fe6b44fb8fcdf7eda4ef4461b97b3f63c466b27ab151bec2366db8b197387841"},
    {file = "numpy-1.26.2.tar.gz", hash = "sha256:f65738447676ab5777f11e6bbbdb8ce11b785e105f690bc45966574816b6d3ea"},
]

[[package]]
name = "opencv-python"
version = "4.8.1.78"
description = "Wrapper package for OpenCV python bindings."
optional = false
python-versions = ">=3.6"
files = [
    {file = "opencv-python-4.8.1.78.tar.gz", hash = "sha256:cc7adbbcd1112877a39274106cb2752e04984bc01a031162952e97450d6117f6"},
    {file = "opencv_python-4.8.1.78-cp37-abi3-macosx_10_16_x86_64.whl", hash = "sha256:91d5f6f5209dc2635d496f6b8ca6573ecdad051a09e6b5de4c399b8e673c60da"},
    {file = "opencv_python-4.8.1.78-cp37-abi3-macosx_11_0_arm64.whl", hash = "sha256:bc31f47e05447da8b3089faa0a07ffe80e114c91ce0b171e6424f9badbd1c5cd"},
    {file = "opencv_python-4.8.1.78-cp37-abi3-manylinux_2_17_aarch64.manylinux2014_aarch64.whl", hash = "sha256:9814beca408d3a0eca1bae7e3e5be68b07c17ecceb392b94170881216e09b319"},
    {file = "opencv_python-4.8.1.78-cp37-abi3-manylinux_2_17_x86_64.manylinux2014_x86_64.whl", hash = "sha256:c4c406bdb41eb21ea51b4e90dfbc989c002786c3f601c236a99c59a54670a394"},
    {file = "opencv_python-4.8.1.78-cp37-abi3-win32.whl", hash = "sha256:a7aac3900fbacf55b551e7b53626c3dad4c71ce85643645c43e91fcb19045e47"},
    {file = "opencv_python-4.8.1.78-cp37-abi3-win_amd64.whl", hash = "sha256:b983197f97cfa6fcb74e1da1802c7497a6f94ed561aba6980f1f33123f904956"},
]

[package.dependencies]
numpy = {version = ">=1.23.5", markers = "python_version >= \"3.11\""}

[[package]]
name = "pynput"
version = "1.7.6"
description = "Monitor and control user input devices"
optional = false
python-versions = "*"
files = [
    {file = "pynput-1.7.6-py2.py3-none-any.whl", hash = "sha256:19861b2a0c430d646489852f89500e0c9332e295f2c020e7c2775e7046aa2e2f"},
    {file = "pynput-1.7.6.tar.gz", hash = "sha256:3a5726546da54116b687785d38b1db56997ce1d28e53e8d22fc656d8b92e533c"},
]

[package.dependencies]
evdev = {version = ">=1.3", markers = "sys_platform in \"linux\""}
pyobjc-framework-ApplicationServices = {version = ">=8.0", markers = "sys_platform == \"darwin\""}
pyobjc-framework-Quartz = {version = ">=8.0", markers = "sys_platform == \"darwin\""}
python-xlib = {version = ">=0.17", markers = "sys_platform in \"linux\""}
six = "*"

[[package]]
name = "pyobjc-core"
version = "10.0"
description = "Python<->ObjC Interoperability Module"
optional = false
python-versions = ">=3.8"
files = [
    {file = "pyobjc-core-10.0.tar.gz", hash = "sha256:3dd0a7b3acd7e0b8ffd3f5331b29a3aaebe79a03323e61efeece38627a6020b3"},
    {file = "pyobjc_core-10.0-cp310-cp310-macosx_10_9_universal2.whl", hash = "sha256:61ea5112a672d21b5b0ed945778707c655b17c400672aef144705674c4b95499"},
    {file = "pyobjc_core-10.0-cp311-cp311-macosx_10_9_universal2.whl", hash = "sha256:99b72cda4593e0c66037b25a178f2bcc6efffb6d5d9dcd477ecca859a1f9ae8e"},
    {file = "pyobjc_core-10.0-cp312-cp312-macosx_10_9_universal2.whl", hash = "sha256:2843ca32e86a01ccee67d7ad82a325ddd72d754929d1f2c0d96bc8741dc9af09"},
    {file = "pyobjc_core-10.0-cp38-cp38-macosx_10_9_x86_64.whl", hash = "sha256:a886b9d2a93210cab4ae72601ab005ca6f627fa2f0cc62c43c03ef1405067a11"},
    {file = "pyobjc_core-10.0-cp38-cp38-macosx_11_0_universal2.whl", hash = "sha256:166666b5c380a49e8aa1ad1dda978c581e29a00703d82203216f3c65a3f397a4"},
    {file = "pyobjc_core-10.0-cp39-cp39-macosx_10_9_universal2.whl", hash = "sha256:198a0360f64e4c0148eed07b42d1de0545f56c498c356d1d5524422bb3352907"},
]

[[package]]
name = "pyobjc-framework-applicationservices"
version = "10.0"
description = "Wrappers for the framework ApplicationServices on macOS"
optional = false
python-versions = ">=3.8"
files = [
    {file = "pyobjc-framework-ApplicationServices-10.0.tar.gz", hash = "sha256:8a667da95c09202def58746c42d5093f90be5762a52e6f5ad8beb334b51dca20"},
    {file = "pyobjc_framework_ApplicationServices-10.0-cp310-cp310-macosx_10_9_universal2.whl", hash = "sha256:b1688abb30cfd6607ae70dd07d3118a5f2d3593916342ffb842a208e7ff52f2b"},
    {file = "pyobjc_framework_ApplicationServices-10.0-cp311-cp311-macosx_10_9_universal2.whl", hash = "sha256:ebbe656c8b1a8fb3880d47ebef5cb7c95b9a646c84bc369cf132347dc4754143"},
    {file = "pyobjc_framework_ApplicationServices-10.0-cp312-cp312-macosx_10_9_universal2.whl", hash = "sha256:9cf969781616261ec7a2c427120a9fb4ac861e62bc2854de6cabdd2e4ea47141"},
    {file = "pyobjc_framework_ApplicationServices-10.0-cp38-cp38-macosx_10_9_x86_64.whl", hash = "sha256:49c4b3e6399572552ba8167bff16ef6cd2eeba6e417547a67d26316acb80f612"},
    {file = "pyobjc_framework_ApplicationServices-10.0-cp38-cp38-macosx_11_0_universal2.whl", hash = "sha256:b26b16077fbd3e32f4216b05798a9fe79b4c00c498581adf15c4f47db13ed270"},
    {file = "pyobjc_framework_ApplicationServices-10.0-cp39-cp39-macosx_10_9_universal2.whl", hash = "sha256:b20d97f6aa63c4935363f4d9bad736d92b67f46ccd9c8c8c84d08e03b2583691"},
]

[package.dependencies]
pyobjc-core = ">=10.0"
pyobjc-framework-Cocoa = ">=10.0"
pyobjc-framework-Quartz = ">=10.0"

[[package]]
name = "pyobjc-framework-cocoa"
version = "10.0"
description = "Wrappers for the Cocoa frameworks on macOS"
optional = false
python-versions = ">=3.8"
files = [
    {file = "pyobjc-framework-Cocoa-10.0.tar.gz", hash = "sha256:723421eff4f59e4ca9a9bb8ec6dafbc0f778141236fa85a49fdd86732d58a74c"},
    {file = "pyobjc_framework_Cocoa-10.0-cp310-cp310-macosx_10_9_universal2.whl", hash = "sha256:80c22a8fc7f085746d9cd222adeca8fe6790e3e6ad7eed5fc70b32aa87c10adb"},
    {file = "pyobjc_framework_Cocoa-10.0-cp311-cp311-macosx_10_9_universal2.whl", hash = "sha256:0187cba228976a45f41116c74aab079b64bacb3ffc3c886a4bd8e472bf9be581"},
    {file = "pyobjc_framework_Cocoa-10.0-cp312-cp312-macosx_10_9_universal2.whl", hash = "sha256:a81dabdc40268591e3196087388e680c6570fed1b521df9b04733cb3ece0414e"},
    {file = "pyobjc_framework_Cocoa-10.0-cp38-cp38-macosx_10_9_x86_64.whl", hash = "sha256:0a23db9ab99e338e1d8a268d873cc15408f78cec9946308393ca2241820c18b8"},
    {file = "pyobjc_framework_Cocoa-10.0-cp38-cp38-macosx_11_0_universal2.whl", hash = "sha256:a3c66fe56a5156a818fbf056c589f8140a5fdb1dcb1f1075cb34d3755474d900"},
    {file = "pyobjc_framework_Cocoa-10.0-cp39-cp39-macosx_10_9_universal2.whl", hash = "sha256:bf9020e85ead569021b15272dcd90207aab6c754093f520b11d4210a2efbdd06"},
]

[package.dependencies]
pyobjc-core = ">=10.0"

[[package]]
name = "pyobjc-framework-quartz"
version = "10.0"
description = "Wrappers for the Quartz frameworks on macOS"
optional = false
python-versions = ">=3.8"
files = [
    {file = "pyobjc-framework-Quartz-10.0.tar.gz", hash = "sha256:ff7c938d9c8adff87d577d63e58f9be6e4bc75274384715fa7a20032a1ce8b0e"},
    {file = "pyobjc_framework_Quartz-10.0-cp310-cp310-macosx_10_9_universal2.whl", hash = "sha256:f06be24fdd2112c9f5b96ede54ec48ad7623e107b85ebbd5b4155d0b1da4d45f"},
    {file = "pyobjc_framework_Quartz-10.0-cp311-cp311-macosx_10_9_universal2.whl", hash = "sha256:52848a5e283a508c6895a73cb0c950bd4dca9b1186b70dd73ddc8f436d64fd42"},
    {file = "pyobjc_framework_Quartz-10.0-cp312-cp312-macosx_10_9_universal2.whl", hash = "sha256:f0cc89890de411a341e90d2c4148831b6d241fca66e734b5470d27869c04e33c"},
    {file = "pyobjc_framework_Quartz-10.0-cp38-cp38-macosx_10_9_x86_64.whl", hash = "sha256:dc8d6edcdb0bb3dab4dbe6e6a6d420c28aa0caca53715a3e49d7f299601a723f"},
    {file = "pyobjc_framework_Quartz-10.0-cp38-cp38-macosx_11_0_universal2.whl", hash = "sha256:c4b03fade2c4aff2682cd5eae8469f3f15e089c7dd09641e24e5b54d015edfae"},
    {file = "pyobjc_framework_Quartz-10.0-cp39-cp39-macosx_10_9_universal2.whl", hash = "sha256:6975be7f776ad4c3a41655b90d67e45a9c7fa2d715b189d8599e8d227f790280"},
]

[package.dependencies]
pyobjc-core = ">=10.0"
pyobjc-framework-Cocoa = ">=10.0"

[[package]]
name = "pyparsing"
version = "3.1.1"
description = "pyparsing module - Classes and methods to define and execute parsing grammars"
optional = false
python-versions = ">=3.6.8"
files = [
    {file = "pyparsing-3.1.1-py3-none-any.whl", hash = "sha256:32c7c0b711493c72ff18a981d24f28aaf9c1fb7ed5e9667c9e84e3db623bdbfb"},
    {file = "pyparsing-3.1.1.tar.gz", hash = "sha256:ede28a1a32462f5a9705e07aea48001a08f7cf81a021585011deba701581a0db"},
]

[package.extras]
diagrams = ["jinja2", "railroad-diagrams"]

[[package]]
name = "python-dateutil"
version = "2.8.2"
description = "Extensions to the standard Python datetime module"
optional = false
python-versions = "!=3.0.*,!=3.1.*,!=3.2.*,>=2.7"
files = [
    {file = "python-dateutil-2.8.2.tar.gz", hash = "sha256:0123cacc1627ae19ddf3c27a5de5bd67ee4586fbdd6440d9748f8abb483d3e86"},
    {file = "python_dateutil-2.8.2-py2.py3-none-any.whl", hash = "sha256:961d03dc3453ebbc59dbdea9e4e11c5651520a876d0f4db161e8674aae935da9"},
]

[package.dependencies]
six = ">=1.5"

[[package]]
name = "python-xlib"
version = "0.33"
description = "Python X Library"
optional = false
python-versions = "*"
files = [
    {file = "python-xlib-0.33.tar.gz", hash = "sha256:55af7906a2c75ce6cb280a584776080602444f75815a7aff4d287bb2d7018b32"},
    {file = "python_xlib-0.33-py2.py3-none-any.whl", hash = "sha256:c3534038d42e0df2f1392a1b30a15a4ff5fdc2b86cfa94f072bf11b10a164398"},
]

[package.dependencies]
six = ">=1.10.0"

[[package]]
name = "pyyaml"
version = "6.0.1"
description = "YAML parser and emitter for Python"
optional = false
python-versions = ">=3.6"
files = [
    {file = "PyYAML-6.0.1-cp310-cp310-macosx_10_9_x86_64.whl", hash = "sha256:d858aa552c999bc8a8d57426ed01e40bef403cd8ccdd0fc5f6f04a00414cac2a"},
    {file = "PyYAML-6.0.1-cp310-cp310-macosx_11_0_arm64.whl", hash = "sha256:fd66fc5d0da6d9815ba2cebeb4205f95818ff4b79c3ebe268e75d961704af52f"},
    {file = "PyYAML-6.0.1-cp310-cp310-manylinux_2_17_aarch64.manylinux2014_aarch64.whl", hash = "sha256:69b023b2b4daa7548bcfbd4aa3da05b3a74b772db9e23b982788168117739938"},
    {file = "PyYAML-6.0.1-cp310-cp310-manylinux_2_17_s390x.manylinux2014_s390x.whl", hash = "sha256:81e0b275a9ecc9c0c0c07b4b90ba548307583c125f54d5b6946cfee6360c733d"},
    {file = "PyYAML-6.0.1-cp310-cp310-manylinux_2_17_x86_64.manylinux2014_x86_64.whl", hash = "sha256:ba336e390cd8e4d1739f42dfe9bb83a3cc2e80f567d8805e11b46f4a943f5515"},
    {file = "PyYAML-6.0.1-cp310-cp310-musllinux_1_1_x86_64.whl", hash = "sha256:326c013efe8048858a6d312ddd31d56e468118ad4cdeda36c719bf5bb6192290"},
    {file = "PyYAML-6.0.1-cp310-cp310-win32.whl", hash = "sha256:bd4af7373a854424dabd882decdc5579653d7868b8fb26dc7d0e99f823aa5924"},
    {file = "PyYAML-6.0.1-cp310-cp310-win_amd64.whl", hash = "sha256:fd1592b3fdf65fff2ad0004b5e363300ef59ced41c2e6b3a99d4089fa8c5435d"},
    {file = "PyYAML-6.0.1-cp311-cp311-macosx_10_9_x86_64.whl", hash = "sha256:6965a7bc3cf88e5a1c3bd2e0b5c22f8d677dc88a455344035f03399034eb3007"},
    {file = "PyYAML-6.0.1-cp311-cp311-macosx_11_0_arm64.whl", hash = "sha256:f003ed9ad21d6a4713f0a9b5a7a0a79e08dd0f221aff4525a2be4c346ee60aab"},
    {file = "PyYAML-6.0.1-cp311-cp311-manylinux_2_17_aarch64.manylinux2014_aarch64.whl", hash = "sha256:42f8152b8dbc4fe7d96729ec2b99c7097d656dc1213a3229ca5383f973a5ed6d"},
    {file = "PyYAML-6.0.1-cp311-cp311-manylinux_2_17_s390x.manylinux2014_s390x.whl", hash = "sha256:062582fca9fabdd2c8b54a3ef1c978d786e0f6b3a1510e0ac93ef59e0ddae2bc"},
    {file = "PyYAML-6.0.1-cp311-cp311-manylinux_2_17_x86_64.manylinux2014_x86_64.whl", hash = "sha256:d2b04aac4d386b172d5b9692e2d2da8de7bfb6c387fa4f801fbf6fb2e6ba4673"},
    {file = "PyYAML-6.0.1-cp311-cp311-musllinux_1_1_x86_64.whl", hash = "sha256:e7d73685e87afe9f3b36c799222440d6cf362062f78be1013661b00c5c6f678b"},
    {file = "PyYAML-6.0.1-cp311-cp311-win32.whl", hash = "sha256:1635fd110e8d85d55237ab316b5b011de701ea0f29d07611174a1b42f1444741"},
    {file = "PyYAML-6.0.1-cp311-cp311-win_amd64.whl", hash = "sha256:bf07ee2fef7014951eeb99f56f39c9bb4af143d8aa3c21b1677805985307da34"},
    {file = "PyYAML-6.0.1-cp312-cp312-macosx_10_9_x86_64.whl", hash = "sha256:855fb52b0dc35af121542a76b9a84f8d1cd886ea97c84703eaa6d88e37a2ad28"},
    {file = "PyYAML-6.0.1-cp312-cp312-macosx_11_0_arm64.whl", hash = "sha256:40df9b996c2b73138957fe23a16a4f0ba614f4c0efce1e9406a184b6d07fa3a9"},
    {file = "PyYAML-6.0.1-cp312-cp312-manylinux_2_17_x86_64.manylinux2014_x86_64.whl", hash = "sha256:6c22bec3fbe2524cde73d7ada88f6566758a8f7227bfbf93a408a9d86bcc12a0"},
    {file = "PyYAML-6.0.1-cp312-cp312-musllinux_1_1_x86_64.whl", hash = "sha256:8d4e9c88387b0f5c7d5f281e55304de64cf7f9c0021a3525bd3b1c542da3b0e4"},
    {file = "PyYAML-6.0.1-cp312-cp312-win32.whl", hash = "sha256:d483d2cdf104e7c9fa60c544d92981f12ad66a457afae824d146093b8c294c54"},
    {file = "PyYAML-6.0.1-cp312-cp312-win_amd64.whl", hash = "sha256:0d3304d8c0adc42be59c5f8a4d9e3d7379e6955ad754aa9d6ab7a398b59dd1df"},
    {file = "PyYAML-6.0.1-cp36-cp36m-macosx_10_9_x86_64.whl", hash = "sha256:50550eb667afee136e9a77d6dc71ae76a44df8b3e51e41b77f6de2932bfe0f47"},
    {file = "PyYAML-6.0.1-cp36-cp36m-manylinux_2_17_aarch64.manylinux2014_aarch64.whl", hash = "sha256:1fe35611261b29bd1de0070f0b2f47cb6ff71fa6595c077e42bd0c419fa27b98"},
    {file = "PyYAML-6.0.1-cp36-cp36m-manylinux_2_17_s390x.manylinux2014_s390x.whl", hash = "sha256:704219a11b772aea0d8ecd7058d0082713c3562b4e271b849ad7dc4a5c90c13c"},
    {file = "PyYAML-6.0.1-cp36-cp36m-manylinux_2_17_x86_64.manylinux2014_x86_64.whl", hash = "sha256:afd7e57eddb1a54f0f1a974bc4391af8bcce0b444685d936840f125cf046d5bd"},
    {file = "PyYAML-6.0.1-cp36-cp36m-win32.whl", hash = "sha256:fca0e3a251908a499833aa292323f32437106001d436eca0e6e7833256674585"},
    {file = "PyYAML-6.0.1-cp36-cp36m-win_amd64.whl", hash = "sha256:f22ac1c3cac4dbc50079e965eba2c1058622631e526bd9afd45fedd49ba781fa"},
    {file = "PyYAML-6.0.1-cp37-cp37m-macosx_10_9_x86_64.whl", hash = "sha256:b1275ad35a5d18c62a7220633c913e1b42d44b46ee12554e5fd39c70a243d6a3"},
    {file = "PyYAML-6.0.1-cp37-cp37m-manylinux_2_17_aarch64.manylinux2014_aarch64.whl", hash = "sha256:18aeb1bf9a78867dc38b259769503436b7c72f7a1f1f4c93ff9a17de54319b27"},
    {file = "PyYAML-6.0.1-cp37-cp37m-manylinux_2_17_s390x.manylinux2014_s390x.whl", hash = "sha256:596106435fa6ad000c2991a98fa58eeb8656ef2325d7e158344fb33864ed87e3"},
    {file = "PyYAML-6.0.1-cp37-cp37m-manylinux_2_17_x86_64.manylinux2014_x86_64.whl", hash = "sha256:baa90d3f661d43131ca170712d903e6295d1f7a0f595074f151c0aed377c9b9c"},
    {file = "PyYAML-6.0.1-cp37-cp37m-win32.whl", hash = "sha256:9046c58c4395dff28dd494285c82ba00b546adfc7ef001486fbf0324bc174fba"},
    {file = "PyYAML-6.0.1-cp37-cp37m-win_amd64.whl", hash = "sha256:4fb147e7a67ef577a588a0e2c17b6db51dda102c71de36f8549b6816a96e1867"},
    {file = "PyYAML-6.0.1-cp38-cp38-macosx_10_9_x86_64.whl", hash = "sha256:1d4c7e777c441b20e32f52bd377e0c409713e8bb1386e1099c2415f26e479595"},
    {file = "PyYAML-6.0.1-cp38-cp38-manylinux_2_17_aarch64.manylinux2014_aarch64.whl", hash = "sha256:a0cd17c15d3bb3fa06978b4e8958dcdc6e0174ccea823003a106c7d4d7899ac5"},
    {file = "PyYAML-6.0.1-cp38-cp38-manylinux_2_17_s390x.manylinux2014_s390x.whl", hash = "sha256:28c119d996beec18c05208a8bd78cbe4007878c6dd15091efb73a30e90539696"},
    {file = "PyYAML-6.0.1-cp38-cp38-manylinux_2_17_x86_64.manylinux2014_x86_64.whl", hash = "sha256:7e07cbde391ba96ab58e532ff4803f79c4129397514e1413a7dc761ccd755735"},
    {file = "PyYAML-6.0.1-cp38-cp38-musllinux_1_1_x86_64.whl", hash = "sha256:49a183be227561de579b4a36efbb21b3eab9651dd81b1858589f796549873dd6"},
    {file = "PyYAML-6.0.1-cp38-cp38-win32.whl", hash = "sha256:184c5108a2aca3c5b3d3bf9395d50893a7ab82a38004c8f61c258d4428e80206"},
    {file = "PyYAML-6.0.1-cp38-cp38-win_amd64.whl", hash = "sha256:1e2722cc9fbb45d9b87631ac70924c11d3a401b2d7f410cc0e3bbf249f2dca62"},
    {file = "PyYAML-6.0.1-cp39-cp39-macosx_10_9_x86_64.whl", hash = "sha256:9eb6caa9a297fc2c2fb8862bc5370d0303ddba53ba97e71f08023b6cd73d16a8"},
    {file = "PyYAML-6.0.1-cp39-cp39-macosx_11_0_arm64.whl", hash = "sha256:c8098ddcc2a85b61647b2590f825f3db38891662cfc2fc776415143f599bb859"},
    {file = "PyYAML-6.0.1-cp39-cp39-manylinux_2_17_aarch64.manylinux2014_aarch64.whl", hash = "sha256:5773183b6446b2c99bb77e77595dd486303b4faab2b086e7b17bc6bef28865f6"},
    {file = "PyYAML-6.0.1-cp39-cp39-manylinux_2_17_s390x.manylinux2014_s390x.whl", hash = "sha256:b786eecbdf8499b9ca1d697215862083bd6d2a99965554781d0d8d1ad31e13a0"},
    {file = "PyYAML-6.0.1-cp39-cp39-manylinux_2_17_x86_64.manylinux2014_x86_64.whl", hash = "sha256:bc1bf2925a1ecd43da378f4db9e4f799775d6367bdb94671027b73b393a7c42c"},
    {file = "PyYAML-6.0.1-cp39-cp39-musllinux_1_1_x86_64.whl", hash = "sha256:04ac92ad1925b2cff1db0cfebffb6ffc43457495c9b3c39d3fcae417d7125dc5"},
    {file = "PyYAML-6.0.1-cp39-cp39-win32.whl", hash = "sha256:faca3bdcf85b2fc05d06ff3fbc1f83e1391b3e724afa3feba7d13eeab355484c"},
    {file = "PyYAML-6.0.1-cp39-cp39-win_amd64.whl", hash = "sha256:510c9deebc5c0225e8c96813043e62b680ba2f9c50a08d3724c7f28a747d1486"},
    {file = "PyYAML-6.0.1.tar.gz", hash = "sha256:bfdf460b1736c775f2ba9f6a92bca30bc2095067b8a9d77876d1fad6cc3b4a43"},
]

[[package]]
name = "rospkg"
version = "1.5.0"
description = "ROS package library"
optional = false
python-versions = "*"
files = [
    {file = "rospkg-1.5.0-py3-none-any.whl", hash = "sha256:420f2f23a4751ecbd6ab6ab02f1f7ce692f1f9f897b87210cdb59e2a3a00f0f7"},
    {file = "rospkg-1.5.0.tar.gz", hash = "sha256:a51a1415b0cd91ba4e858a2c30cddd51269d7e5a5e1c93eb9482b5bc0792918b"},
]

[package.dependencies]
catkin-pkg = "*"
distro = {version = ">=1.4.0", markers = "python_version >= \"3.8\""}
PyYAML = "*"

[package.extras]
test = ["mock", "pytest"]

[[package]]
name = "setuptools"
version = "69.0.2"
description = "Easily download, build, install, upgrade, and uninstall Python packages"
optional = false
python-versions = ">=3.8"
files = [
    {file = "setuptools-69.0.2-py3-none-any.whl", hash = "sha256:1e8fdff6797d3865f37397be788a4e3cba233608e9b509382a2777d25ebde7f2"},
    {file = "setuptools-69.0.2.tar.gz", hash = "sha256:735896e78a4742605974de002ac60562d286fa8051a7e2299445e8e8fbb01aa6"},
]

[package.extras]
docs = ["furo", "jaraco.packaging (>=9.3)", "jaraco.tidelift (>=1.4)", "pygments-github-lexers (==0.0.5)", "rst.linker (>=1.9)", "sphinx (<7.2.5)", "sphinx (>=3.5)", "sphinx-favicon", "sphinx-inline-tabs", "sphinx-lint", "sphinx-notfound-page (>=1,<2)", "sphinx-reredirects", "sphinxcontrib-towncrier"]
testing = ["build[virtualenv]", "filelock (>=3.4.0)", "flake8-2020", "ini2toml[lite] (>=0.9)", "jaraco.develop (>=7.21)", "jaraco.envs (>=2.2)", "jaraco.path (>=3.2.0)", "pip (>=19.1)", "pytest (>=6)", "pytest-black (>=0.3.7)", "pytest-checkdocs (>=2.4)", "pytest-cov", "pytest-enabler (>=2.2)", "pytest-mypy (>=0.9.1)", "pytest-perf", "pytest-ruff", "pytest-timeout", "pytest-xdist", "tomli-w (>=1.0.0)", "virtualenv (>=13.0.0)", "wheel"]
testing-integration = ["build[virtualenv] (>=1.0.3)", "filelock (>=3.4.0)", "jaraco.envs (>=2.2)", "jaraco.path (>=3.2.0)", "packaging (>=23.1)", "pytest", "pytest-enabler", "pytest-xdist", "tomli", "virtualenv (>=13.0.0)", "wheel"]

[[package]]
name = "six"
version = "1.16.0"
description = "Python 2 and 3 compatibility utilities"
optional = false
python-versions = ">=2.7, !=3.0.*, !=3.1.*, !=3.2.*"
files = [
    {file = "six-1.16.0-py2.py3-none-any.whl", hash = "sha256:8abb2f1d86890a2dfb989f9a77cfcfd3e47c2a354b01111771326f8aa26e0254"},
    {file = "six-1.16.0.tar.gz", hash = "sha256:1e61c37477a1626458e36f7b1d82aa5c9b094fa4802892072e49de9c60c4c926"},
]

[metadata]
lock-version = "2.0"
python-versions = "^3.11"
content-hash = "a372be5169c7401df154817369d562eb52bd3694765a9bec69111318888b6e18"
